
Microsoft Visual Studio Solution File, Format Version 12.00
# Visual Studio Version 16
VisualStudioVersion = 16.0.31729.503
MinimumVisualStudioVersion = 10.0.40219.1
Project("{FAE04EC0-301F-11D3-BF4B-00C04F79EFBC}") = "CSCI234 Final Project", "CSCI234 Final Project.csproj", "{83E8EDAA-8EAD-4936-9956-7BBFCD01F598}"
EndProject
Project("{FAE04EC0-301F-11D3-BF4B-00C04F79EFBC}") = "RollingStockDB", "RollingStockDB\RollingStockDB.csproj", "{B93F2BBA-C721-415D-862A-0DF722896283}"
EndProject
Global
	GlobalSection(SolutionConfigurationPlatforms) = preSolution
		Debug|Any CPU = Debug|Any CPU
		Release|Any CPU = Release|Any CPU
	EndGlobalSection
	GlobalSection(ProjectConfigurationPlatforms) = postSolution
		{83E8EDAA-8EAD-4936-9956-7BBFCD01F598}.Debug|Any CPU.ActiveCfg = Debug|Any CPU
		{83E8EDAA-8EAD-4936-9956-7BBFCD01F598}.Debug|Any CPU.Build.0 = Debug|Any CPU
		{83E8EDAA-8EAD-4936-9956-7BBFCD01F598}.Release|Any CPU.ActiveCfg = Release|Any CPU
		{83E8EDAA-8EAD-4936-9956-7BBFCD01F598}.Release|Any CPU.Build.0 = Release|Any CPU
		{B93F2BBA-C721-415D-862A-0DF722896283}.Debug|Any CPU.ActiveCfg = Debug|Any CPU
		{B93F2BBA-C721-415D-862A-0DF722896283}.Debug|Any CPU.Build.0 = Debug|Any CPU
		{B93F2BBA-C721-415D-862A-0DF722896283}.Release|Any CPU.ActiveCfg = Release|Any CPU
		{B93F2BBA-C721-415D-862A-0DF722896283}.Release|Any CPU.Build.0 = Release|Any CPU
	EndGlobalSection
	GlobalSection(SolutionProperties) = preSolution
		HideSolutionNode = FALSE
	EndGlobalSection
	GlobalSection(ExtensibilityGlobals) = postSolution
		SolutionGuid = {F28DCB53-987D-4F88-9EFB-5FA110EB35ED}
	EndGlobalSection
EndGlobal
